
Microsoft Visual Studio Solution File, Format Version 12.00
# Visual Studio Version 16
VisualStudioVersion = 16.0.29709.97
MinimumVisualStudioVersion = 10.0.40219.1
Project("{9A19103F-16F7-4668-BE54-9A1E7A4F7556}") = "NumberGame_AWSLambda", "NumberGame_AWSLambda\NumberGame_AWSLambda.csproj", "{3A6D4FB9-CBA3-4763-B91F-89CC6F1C8A92}"
EndProject
Project("{9A19103F-16F7-4668-BE54-9A1E7A4F7556}") = "NumberGame_AWSLambda.Tests", "NumberGame_AWSLambda.Tests\NumberGame_AWSLambda.Tests.csproj", "{8CC8F44E-2E66-4067-A13F-04BC104901B7}"
EndProject
Global
	GlobalSection(SolutionConfigurationPlatforms) = preSolution
		Debug|Any CPU = Debug|Any CPU
		Release|Any CPU = Release|Any CPU
	EndGlobalSection
	GlobalSection(ProjectConfigurationPlatforms) = postSolution
		{3A6D4FB9-CBA3-4763-B91F-89CC6F1C8A92}.Debug|Any CPU.ActiveCfg = Debug|Any CPU
		{3A6D4FB9-CBA3-4763-B91F-89CC6F1C8A92}.Debug|Any CPU.Build.0 = Debug|Any CPU
		{3A6D4FB9-CBA3-4763-B91F-89CC6F1C8A92}.Release|Any CPU.ActiveCfg = Release|Any CPU
		{3A6D4FB9-CBA3-4763-B91F-89CC6F1C8A92}.Release|Any CPU.Build.0 = Release|Any CPU
		{8CC8F44E-2E66-4067-A13F-04BC104901B7}.Debug|Any CPU.ActiveCfg = Debug|Any CPU
		{8CC8F44E-2E66-4067-A13F-04BC104901B7}.Debug|Any CPU.Build.0 = Debug|Any CPU
		{8CC8F44E-2E66-4067-A13F-04BC104901B7}.Release|Any CPU.ActiveCfg = Release|Any CPU
		{8CC8F44E-2E66-4067-A13F-04BC104901B7}.Release|Any CPU.Build.0 = Release|Any CPU
	EndGlobalSection
	GlobalSection(SolutionProperties) = preSolution
		HideSolutionNode = FALSE
	EndGlobalSection
	GlobalSection(ExtensibilityGlobals) = postSolution
		SolutionGuid = {D60E5486-F05D-42BF-9295-97D993578A69}
	EndGlobalSection
EndGlobal
